
Microsoft Visual Studio Solution File, Format Version 12.00
# Visual Studio Version 16
VisualStudioVersion = 16.0.31624.102
MinimumVisualStudioVersion = 10.0.40219.1
Project("{FAE04EC0-301F-11D3-BF4B-00C04F79EFBC}") = "CleanBlog.Web", "CleanBlog.Web.csproj", "{03B835C5-896B-4961-A564-312DF6CA0479}"
EndProject
Global
	GlobalSection(SolutionConfigurationPlatforms) = preSolution
		Debug|Any CPU = Debug|Any CPU
		Release|Any CPU = Release|Any CPU
	EndGlobalSection
	GlobalSection(ProjectConfigurationPlatforms) = postSolution
		{03B835C5-896B-4961-A564-312DF6CA0479}.Debug|Any CPU.ActiveCfg = Debug|Any CPU
		{03B835C5-896B-4961-A564-312DF6CA0479}.Debug|Any CPU.Build.0 = Debug|Any CPU
		{03B835C5-896B-4961-A564-312DF6CA0479}.Release|Any CPU.ActiveCfg = Release|Any CPU
		{03B835C5-896B-4961-A564-312DF6CA0479}.Release|Any CPU.Build.0 = Release|Any CPU
	EndGlobalSection
	GlobalSection(SolutionProperties) = preSolution
		HideSolutionNode = FALSE
	EndGlobalSection
	GlobalSection(ExtensibilityGlobals) = postSolution
		SolutionGuid = {83F99EC7-8B3A-4B73-832D-1F23AAC99A21}
	EndGlobalSection
EndGlobal
